
Microsoft Visual Studio Solution File, Format Version 12.00
# Visual Studio Version 17
VisualStudioVersion = 17.2.32630.192
MinimumVisualStudioVersion = 10.0.40219.1
Project("{FAE04EC0-301F-11D3-BF4B-00C04F79EFBC}") = "NTC", "NTC\NTC.csproj", "{2A5DA1C4-71C5-4297-9300-144E15E1999D}"
EndProject
Global
	GlobalSection(SolutionConfigurationPlatforms) = preSolution
		Debug|Any CPU = Debug|Any CPU
		Release|Any CPU = Release|Any CPU
	EndGlobalSection
	GlobalSection(ProjectConfigurationPlatforms) = postSolution
		{2A5DA1C4-71C5-4297-9300-144E15E1999D}.Debug|Any CPU.ActiveCfg = Debug|Any CPU
		{2A5DA1C4-71C5-4297-9300-144E15E1999D}.Debug|Any CPU.Build.0 = Debug|Any CPU
		{2A5DA1C4-71C5-4297-9300-144E15E1999D}.Release|Any CPU.ActiveCfg = Release|Any CPU
		{2A5DA1C4-71C5-4297-9300-144E15E1999D}.Release|Any CPU.Build.0 = Release|Any CPU
	EndGlobalSection
	GlobalSection(SolutionProperties) = preSolution
		HideSolutionNode = FALSE
	EndGlobalSection
	GlobalSection(ExtensibilityGlobals) = postSolution
		SolutionGuid = {B77F255E-2353-4E8F-98B5-B358F17910BF}
	EndGlobalSection
EndGlobal
